
Microsoft Visual Studio Solution File, Format Version 12.00
# Visual Studio Version 17
VisualStudioVersion = 17.4.33213.308
MinimumVisualStudioVersion = 10.0.40219.1
Project("{FAE04EC0-301F-11D3-BF4B-00C04F79EFBC}") = "ReflectionParser", "ReflectionParser.csproj", "{242F34D7-FAAB-4761-BFCE-6DA28414838B}"
EndProject
Project("{FAE04EC0-301F-11D3-BF4B-00C04F79EFBC}") = "ReflectionParser.Tests", ".\ReflectionParser.Tests\ReflectionParser.Tests.csproj", "{C812E9BD-2FB7-4233-A44C-08FC2AC31447}"
EndProject
Global
	GlobalSection(SolutionConfigurationPlatforms) = preSolution
		Debug|Any CPU = Debug|Any CPU
		Release|Any CPU = Release|Any CPU
	EndGlobalSection
	GlobalSection(ProjectConfigurationPlatforms) = postSolution
		{242F34D7-FAAB-4761-BFCE-6DA28414838B}.Debug|Any CPU.ActiveCfg = Debug|Any CPU
		{242F34D7-FAAB-4761-BFCE-6DA28414838B}.Debug|Any CPU.Build.0 = Debug|Any CPU
		{242F34D7-FAAB-4761-BFCE-6DA28414838B}.Release|Any CPU.ActiveCfg = Release|Any CPU
		{242F34D7-FAAB-4761-BFCE-6DA28414838B}.Release|Any CPU.Build.0 = Release|Any CPU
		{C812E9BD-2FB7-4233-A44C-08FC2AC31447}.Debug|Any CPU.ActiveCfg = Debug|Any CPU
		{C812E9BD-2FB7-4233-A44C-08FC2AC31447}.Debug|Any CPU.Build.0 = Debug|Any CPU
		{C812E9BD-2FB7-4233-A44C-08FC2AC31447}.Release|Any CPU.ActiveCfg = Release|Any CPU
		{C812E9BD-2FB7-4233-A44C-08FC2AC31447}.Release|Any CPU.Build.0 = Release|Any CPU
	EndGlobalSection
	GlobalSection(SolutionProperties) = preSolution
		HideSolutionNode = FALSE
	EndGlobalSection
	GlobalSection(ExtensibilityGlobals) = postSolution
		SolutionGuid = {1122D665-CFC8-46C1-8903-51AFBF915DB1}
	EndGlobalSection
EndGlobal
